
Microsoft Visual Studio Solution File, Format Version 12.00
# Visual Studio Version 17
VisualStudioVersion = 17.10.35027.167
MinimumVisualStudioVersion = 10.0.40219.1
Project("{9A19103F-16F7-4668-BE54-9A1E7A4F7556}") = "NewStudentAdmissionSystem", "NewStudentAdmissionSystem\NewStudentAdmissionSystem.csproj", "{1993CDEA-F673-40F5-AA25-6B6DB9A3307D}"
EndProject
Global
	GlobalSection(SolutionConfigurationPlatforms) = preSolution
		Debug|Any CPU = Debug|Any CPU
		Release|Any CPU = Release|Any CPU
	EndGlobalSection
	GlobalSection(ProjectConfigurationPlatforms) = postSolution
		{1993CDEA-F673-40F5-AA25-6B6DB9A3307D}.Debug|Any CPU.ActiveCfg = Debug|Any CPU
		{1993CDEA-F673-40F5-AA25-6B6DB9A3307D}.Debug|Any CPU.Build.0 = Debug|Any CPU
		{1993CDEA-F673-40F5-AA25-6B6DB9A3307D}.Release|Any CPU.ActiveCfg = Release|Any CPU
		{1993CDEA-F673-40F5-AA25-6B6DB9A3307D}.Release|Any CPU.Build.0 = Release|Any CPU
	EndGlobalSection
	GlobalSection(SolutionProperties) = preSolution
		HideSolutionNode = FALSE
	EndGlobalSection
	GlobalSection(ExtensibilityGlobals) = postSolution
		SolutionGuid = {AAB05E8A-1009-40E7-88C1-3AC4F4E21B92}
	EndGlobalSection
EndGlobal
